
Microsoft Visual Studio Solution File, Format Version 12.00
# Visual Studio Version 17
VisualStudioVersion = 17.1.32414.318
MinimumVisualStudioVersion = 10.0.40219.1
Project("{FAE04EC0-301F-11D3-BF4B-00C04F79EFBC}") = "BenchmarkParallelForConsole", "BenchmarkParallelForConsole\BenchmarkParallelForConsole.csproj", "{C60F4E09-DBD0-4CBA-818C-50F6A814E5BB}"
EndProject
Global
	GlobalSection(SolutionConfigurationPlatforms) = preSolution
		Debug|Any CPU = Debug|Any CPU
		Release|Any CPU = Release|Any CPU
	EndGlobalSection
	GlobalSection(ProjectConfigurationPlatforms) = postSolution
		{C60F4E09-DBD0-4CBA-818C-50F6A814E5BB}.Debug|Any CPU.ActiveCfg = Debug|Any CPU
		{C60F4E09-DBD0-4CBA-818C-50F6A814E5BB}.Debug|Any CPU.Build.0 = Debug|Any CPU
		{C60F4E09-DBD0-4CBA-818C-50F6A814E5BB}.Release|Any CPU.ActiveCfg = Release|Any CPU
		{C60F4E09-DBD0-4CBA-818C-50F6A814E5BB}.Release|Any CPU.Build.0 = Release|Any CPU
	EndGlobalSection
	GlobalSection(SolutionProperties) = preSolution
		HideSolutionNode = FALSE
	EndGlobalSection
	GlobalSection(ExtensibilityGlobals) = postSolution
		SolutionGuid = {C32573D2-3D55-4621-BAF0-FE6C13D53641}
	EndGlobalSection
EndGlobal
